
Microsoft Visual Studio Solution File, Format Version 12.00
# Visual Studio Version 17
VisualStudioVersion = 17.5.002.0
MinimumVisualStudioVersion = 10.0.40219.1
Project("{9A19103F-16F7-4668-BE54-9A1E7A4F7556}") = "task2", "task2.csproj", "{B05A3957-ACA0-4DBF-BF53-8F926343ABC7}"
EndProject
Global
	GlobalSection(SolutionConfigurationPlatforms) = preSolution
		Debug|Any CPU = Debug|Any CPU
		Release|Any CPU = Release|Any CPU
	EndGlobalSection
	GlobalSection(ProjectConfigurationPlatforms) = postSolution
		{B05A3957-ACA0-4DBF-BF53-8F926343ABC7}.Debug|Any CPU.ActiveCfg = Debug|Any CPU
		{B05A3957-ACA0-4DBF-BF53-8F926343ABC7}.Debug|Any CPU.Build.0 = Debug|Any CPU
		{B05A3957-ACA0-4DBF-BF53-8F926343ABC7}.Release|Any CPU.ActiveCfg = Release|Any CPU
		{B05A3957-ACA0-4DBF-BF53-8F926343ABC7}.Release|Any CPU.Build.0 = Release|Any CPU
	EndGlobalSection
	GlobalSection(SolutionProperties) = preSolution
		HideSolutionNode = FALSE
	EndGlobalSection
	GlobalSection(ExtensibilityGlobals) = postSolution
		SolutionGuid = {8351930D-9565-4585-AAA2-DD3D455A3F73}
	EndGlobalSection
EndGlobal
